
Microsoft Visual Studio Solution File, Format Version 12.00
# Visual Studio Version 16
VisualStudioVersion = 16.0.31205.134
MinimumVisualStudioVersion = 10.0.40219.1
Project("{FAE04EC0-301F-11D3-BF4B-00C04F79EFBC}") = "WebAPI", "WebAPI\WebAPI.csproj", "{3C1A8FA1-D945-4712-BC56-518463F81C9A}"
EndProject
Project("{FAE04EC0-301F-11D3-BF4B-00C04F79EFBC}") = "DataAccess", "Data\DataAccess.csproj", "{8178340C-A748-456D-83F7-F61ECAE11913}"
EndProject
Project("{FAE04EC0-301F-11D3-BF4B-00C04F79EFBC}") = "Infrastructure", "Infrastructure\Infrastructure.csproj", "{46BB62F8-62CE-4D6D-9FBA-AAAEBD9CA554}"
EndProject
Project("{FAE04EC0-301F-11D3-BF4B-00C04F79EFBC}") = "Services", "Services\Services.csproj", "{F82FDED8-602F-40A5-A7F6-721A57168501}"
EndProject
Project("{FAE04EC0-301F-11D3-BF4B-00C04F79EFBC}") = "Entities", "Entities\Entities.csproj", "{6FDC4BFD-CC23-4A1D-A604-5D9880FF3A28}"
EndProject
Global
	GlobalSection(SolutionConfigurationPlatforms) = preSolution
		Debug|Any CPU = Debug|Any CPU
		Release|Any CPU = Release|Any CPU
	EndGlobalSection
	GlobalSection(ProjectConfigurationPlatforms) = postSolution
		{3C1A8FA1-D945-4712-BC56-518463F81C9A}.Debug|Any CPU.ActiveCfg = Debug|Any CPU
		{3C1A8FA1-D945-4712-BC56-518463F81C9A}.Debug|Any CPU.Build.0 = Debug|Any CPU
		{3C1A8FA1-D945-4712-BC56-518463F81C9A}.Release|Any CPU.ActiveCfg = Release|Any CPU
		{3C1A8FA1-D945-4712-BC56-518463F81C9A}.Release|Any CPU.Build.0 = Release|Any CPU
		{8178340C-A748-456D-83F7-F61ECAE11913}.Debug|Any CPU.ActiveCfg = Debug|Any CPU
		{8178340C-A748-456D-83F7-F61ECAE11913}.Debug|Any CPU.Build.0 = Debug|Any CPU
		{8178340C-A748-456D-83F7-F61ECAE11913}.Release|Any CPU.ActiveCfg = Release|Any CPU
		{8178340C-A748-456D-83F7-F61ECAE11913}.Release|Any CPU.Build.0 = Release|Any CPU
		{46BB62F8-62CE-4D6D-9FBA-AAAEBD9CA554}.Debug|Any CPU.ActiveCfg = Debug|Any CPU
		{46BB62F8-62CE-4D6D-9FBA-AAAEBD9CA554}.Debug|Any CPU.Build.0 = Debug|Any CPU
		{46BB62F8-62CE-4D6D-9FBA-AAAEBD9CA554}.Release|Any CPU.ActiveCfg = Release|Any CPU
		{46BB62F8-62CE-4D6D-9FBA-AAAEBD9CA554}.Release|Any CPU.Build.0 = Release|Any CPU
		{F82FDED8-602F-40A5-A7F6-721A57168501}.Debug|Any CPU.ActiveCfg = Debug|Any CPU
		{F82FDED8-602F-40A5-A7F6-721A57168501}.Debug|Any CPU.Build.0 = Debug|Any CPU
		{F82FDED8-602F-40A5-A7F6-721A57168501}.Release|Any CPU.ActiveCfg = Release|Any CPU
		{F82FDED8-602F-40A5-A7F6-721A57168501}.Release|Any CPU.Build.0 = Release|Any CPU
		{6FDC4BFD-CC23-4A1D-A604-5D9880FF3A28}.Debug|Any CPU.ActiveCfg = Debug|Any CPU
		{6FDC4BFD-CC23-4A1D-A604-5D9880FF3A28}.Debug|Any CPU.Build.0 = Debug|Any CPU
		{6FDC4BFD-CC23-4A1D-A604-5D9880FF3A28}.Release|Any CPU.ActiveCfg = Release|Any CPU
		{6FDC4BFD-CC23-4A1D-A604-5D9880FF3A28}.Release|Any CPU.Build.0 = Release|Any CPU
	EndGlobalSection
	GlobalSection(SolutionProperties) = preSolution
		HideSolutionNode = FALSE
	EndGlobalSection
	GlobalSection(ExtensibilityGlobals) = postSolution
		SolutionGuid = {D6005DF6-2759-41C3-96B7-3FCE77D8E164}
	EndGlobalSection
EndGlobal
